#MicroXplorer Configuration settings - do not modify
Mcu.Family=STM32F1
NVIC.USART3_IRQn=true\:2\:0\:true\:false\:true\:true\:true
PF7.GPIOParameters=GPIO_Speed,PinState,GPIO_PuPd,GPIO_Label,GPIO_ModeDefaultOutputPP
ProjectManager.MainLocation=Src
PF5.GPIO_PuPd=GPIO_PULLUP
RCC.MCOFreq_Value=72000000
PD12.GPIO_Label=MOTOR1_PWM
SH.S_TIM4_CH2.ConfNb=1
PF6.GPIO_ModeDefaultOutputPP=GPIO_MODE_OUTPUT_PP
SH.S_TIM1_CH4.0=TIM1_CH4,PWM Generation4 CH4
USART2.IPParameters=VirtualMode,BaudRate
ProjectManager.KeepUserCode=true
Mcu.UserName=STM32F103ZETx
PE11.GPIOParameters=GPIO_Label
PB10.Mode=Asynchronous
TIM1.IPParameters=Channel-PWM Generation1 CH1,Channel-PWM Generation2 CH2,Channel-PWM Generation3 CH3,Channel-PWM Generation4 CH4,Prescaler,Period
PE11.GPIO_Label=SONIC_PWM2
RCC.PLLCLKFreq_Value=72000000
PG0.Locked=true
PF4.GPIO_PuPd=GPIO_PULLUP
PG0.Signal=GPIO_Input
ProjectManager.functionlistsort=1-MX_GPIO_Init-GPIO-false-HAL-true,2-SystemClock_Config-RCC-false-HAL-false,3-MX_TIM3_Init-TIM3-false-HAL-true,4-MX_USART1_UART_Init-USART1-false-HAL-true,5-MX_USART2_UART_Init-USART2-false-HAL-true,6-MX_USART3_UART_Init-USART3-false-HAL-true,7-MX_TIM1_Init-TIM1-false-HAL-true,8-MX_TIM4_Init-TIM4-false-HAL-true
RCC.ADCFreqValue=36000000
PF9.GPIO_Speed=GPIO_SPEED_FREQ_MEDIUM
PA6.GPIO_Label=SONIC_1
PB0.GPIO_Label=SONIC_3
SH.S_TIM1_CH3.ConfNb=1
PB11.GPIO_PuPd=GPIO_NOPULL
SH.S_TIM1_CH1.ConfNb=1
USART1.IPParameters=VirtualMode
SH.S_TIM4_CH4.ConfNb=1
PB11.Signal=USART3_RX
PF8.PinState=GPIO_PIN_SET
PF2.GPIO_Speed=GPIO_SPEED_FREQ_MEDIUM
PinOutPanel.RotationAngle=0
PF6.GPIO_Label=MOTOR1_IN1
RCC.SYSCLKSource=RCC_SYSCLKSOURCE_PLLCLK
ProjectManager.StackSize=0x400
PD13.Signal=S_TIM4_CH2
Mcu.IP4=TIM3
RCC.FCLKCortexFreq_Value=72000000
Mcu.IP5=TIM4
NVIC.SVCall_IRQn=true\:0\:0\:false\:false\:true\:false\:false
Mcu.IP2=SYS
TIM3.Channel-Input_Capture3_from_TI3=TIM_CHANNEL_3
PF3.GPIO_ModeDefaultOutputPP=GPIO_MODE_OUTPUT_PP
RCC.SDIOHCLKDiv2FreqValue=36000000
Mcu.IP3=TIM1
Mcu.IP0=NVIC
Mcu.IP1=RCC
TIM1.Prescaler=719
USART3.BaudRate=38400
Mcu.UserConstants=
PF9.Locked=true
PD15.GPIOParameters=GPIO_Label
PF6.PinState=GPIO_PIN_SET
SH.S_TIM3_CH2.ConfNb=1
PF7.Signal=GPIO_Output
PF5.Locked=true
Mcu.ThirdPartyNb=0
TIM1.Channel-PWM\ Generation4\ CH4=TIM_CHANNEL_4
RCC.SDIOFreq_Value=72000000
PB1.GPIO_PuPd=GPIO_PULLDOWN
RCC.HCLKFreq_Value=72000000
Mcu.IPNb=9
ProjectManager.PreviousToolchain=SW4STM32
RCC.APB2TimFreq_Value=72000000
TIM3.Period=499
PF2.GPIO_PuPd=GPIO_PULLUP
Mcu.Pin6=PF8
Mcu.Pin7=PF9
Mcu.Pin8=OSC_IN
OSC_OUT.Mode=HSE-External-Oscillator
Mcu.Pin9=OSC_OUT
OSC_OUT.Signal=RCC_OSC_OUT
RCC.AHBFreq_Value=72000000
Mcu.Pin0=PF2
Mcu.Pin1=PF3
GPIO.groupedBy=Group By Peripherals
Mcu.Pin2=PF4
Mcu.Pin3=PF5
Mcu.Pin4=PF6
Mcu.Pin5=PF7
ProjectManager.ProjectBuild=false
TIM3.Channel-Input_Capture1_from_TI1=TIM_CHANNEL_1
TIM4.Channel-PWM\ Generation3\ CH3=TIM_CHANNEL_3
NVIC.UsageFault_IRQn=true\:0\:0\:false\:false\:true\:false\:false
NVIC.DebugMonitor_IRQn=true\:0\:0\:false\:false\:true\:false\:false
NVIC.SysTick_IRQn=true\:0\:0\:false\:false\:true\:false\:true
RCC.PLLMUL=RCC_PLL_MUL9
PG1.GPIOParameters=GPIO_Speed,PinState,GPIO_PuPd,GPIO_Label,GPIO_ModeDefaultOutputPP
ProjectManager.FirmwarePackage=STM32Cube FW_F1 V1.8.0
MxDb.Version=DB.5.0.60
PB0.GPIOParameters=GPIO_PuPd,GPIO_Label
PA6.GPIO_PuPd=GPIO_PULLDOWN
PE13.Signal=S_TIM1_CH3
ProjectManager.BackupPrevious=false
PF7.GPIO_Speed=GPIO_SPEED_FREQ_MEDIUM
PF7.GPIO_Label=MOTOR1_IN2
PF8.GPIO_ModeDefaultOutputPP=GPIO_MODE_OUTPUT_PP
TIM1.Channel-PWM\ Generation1\ CH1=TIM_CHANNEL_1
PF8.GPIO_PuPd=GPIO_PULLUP
PE9.Signal=S_TIM1_CH1
PA14.Mode=Serial_Wire
TIM3.Prescaler=71
PB1.GPIO_Label=SONIC_4
File.Version=6
SH.S_TIM4_CH2.0=TIM4_CH2,PWM Generation2 CH2
PF2.Locked=true
NVIC.PendSV_IRQn=true\:0\:0\:false\:false\:true\:false\:false
SH.S_TIM3_CH1.0=TIM3_CH1,Input_Capture1_from_TI1
TIM4.Period=499
PF3.Signal=GPIO_Output
PG0.GPIO_PuPd=GPIO_PULLUP
ProjectManager.HalAssertFull=false
VP_TIM1_VS_ClockSourceINT.Mode=Internal
ProjectManager.ProjectName=BlueTooth
RCC.PLLMCOFreq_Value=36000000
PF4.GPIO_ModeDefaultOutputPP=GPIO_MODE_OUTPUT_PP
PD13.GPIO_Label=MOTOR2_PWM
Mcu.Package=LQFP144
PB1.Signal=S_TIM3_CH4
PA6.Signal=S_TIM3_CH1
PF8.GPIOParameters=GPIO_Speed,PinState,GPIO_PuPd,GPIO_Label,GPIO_ModeDefaultOutputPP
RCC.I2S2Freq_Value=72000000
USART2.VirtualMode=VM_ASYNC
PD12.Signal=S_TIM4_CH1
ProjectManager.ToolChainLocation=
PG1.GPIO_PuPd=GPIO_PULLUP
PF3.GPIO_Speed=GPIO_SPEED_FREQ_MEDIUM
VP_SYS_VS_Systick.Signal=SYS_VS_Systick
PF5.GPIO_Label=MOTOR4_IN2
USART3.IPParameters=VirtualMode,BaudRate
PF3.GPIO_PuPd=GPIO_PULLUP
PA10.Signal=USART1_RX
PF8.Signal=GPIO_Output
PG0.GPIO_Label=BT_LED
PF7.Locked=true
PF5.Signal=GPIO_Output
PF4.Locked=true
SH.S_TIM4_CH1.0=TIM4_CH1,PWM Generation1 CH1
PF5.GPIO_Speed=GPIO_SPEED_FREQ_MEDIUM
RCC.APB1TimFreq_Value=72000000
NVIC.BusFault_IRQn=true\:0\:0\:false\:false\:true\:false\:false
PG1.PinState=GPIO_PIN_SET
TIM1.Period=49999
PF9.GPIO_PuPd=GPIO_PULLUP
TIM4.Channel-PWM\ Generation4\ CH4=TIM_CHANNEL_4
PF3.GPIO_Label=MOTOR3_IN2
PD15.Signal=S_TIM4_CH4
ProjectManager.CustomerFirmwarePackage=
VP_TIM3_VS_ClockSourceINT.Mode=Internal
PF4.GPIOParameters=GPIO_Speed,PinState,GPIO_PuPd,GPIO_Label,GPIO_ModeDefaultOutputPP
PA3.Signal=USART2_RX
PF5.PinState=GPIO_PIN_SET
PF7.PinState=GPIO_PIN_SET
PA6.GPIOParameters=GPIO_PuPd,GPIO_Label
RCC.PLLSourceVirtual=RCC_PLLSOURCE_HSE
TIM4.Channel-PWM\ Generation1\ CH1=TIM_CHANNEL_1
SH.S_TIM4_CH1.ConfNb=1
ProjectManager.ProjectFileName=BlueTooth.ioc
PF2.GPIO_ModeDefaultOutputPP=GPIO_MODE_OUTPUT_PP
PD15.GPIO_Label=MOTOR4_PWM
PE14.GPIOParameters=GPIO_Label
TIM3.Channel-Input_Capture2_from_TI2=TIM_CHANNEL_2
PA10.Mode=Asynchronous
Mcu.PinsNb=36
ProjectManager.NoMain=false
PG1.Signal=GPIO_Output
SH.S_TIM4_CH4.0=TIM4_CH4,PWM Generation4 CH4
PG1.Locked=true
PD13.GPIOParameters=GPIO_Label
ProjectManager.DefaultFWLocation=true
PE14.GPIO_Label=SONIC_PWM4
ProjectManager.DeletePrevious=true
RCC.APB1CLKDivider=RCC_HCLK_DIV2
PB10.Locked=true
PF2.PinState=GPIO_PIN_SET
SH.S_TIM3_CH3.0=TIM3_CH3,Input_Capture3_from_TI3
NVIC.USART2_IRQn=true\:2\:1\:true\:false\:true\:true\:true
USART2.BaudRate=38400
RCC.FamilyName=M
RCC.I2S3Freq_Value=72000000
PF8.GPIO_Label=MOTOR2_IN1
PE9.GPIOParameters=GPIO_Label
PA3.Mode=Asynchronous
PA13.Signal=SYS_JTMS-SWDIO
PA9.Mode=Asynchronous
SH.S_TIM1_CH1.0=TIM1_CH1,PWM Generation1 CH1
PF6.Signal=GPIO_Output
PB11.Mode=Asynchronous
PD12.GPIOParameters=GPIO_Label
VP_TIM4_VS_ClockSourceINT.Signal=TIM4_VS_ClockSourceINT
ProjectManager.TargetToolchain=SW4STM32
TIM4.IPParameters=Channel-PWM Generation1 CH1,Channel-PWM Generation2 CH2,Channel-PWM Generation3 CH3,Channel-PWM Generation4 CH4,Prescaler,Period
SH.S_TIM3_CH3.ConfNb=1
PF6.Locked=true
PF9.PinState=GPIO_PIN_SET
SH.S_TIM4_CH3.0=TIM4_CH3,PWM Generation3 CH3
PA9.Signal=USART1_TX
VP_TIM1_VS_ClockSourceINT.Signal=TIM1_VS_ClockSourceINT
TIM1.Channel-PWM\ Generation2\ CH2=TIM_CHANNEL_2
PB11.GPIOParameters=GPIO_PuPd
PF2.Signal=GPIO_Output
OSC_IN.Signal=RCC_OSC_IN
PG1.GPIO_ModeDefaultOutputPP=GPIO_MODE_OUTPUT_PP
RCC.USBFreq_Value=72000000
PF9.GPIO_Label=MOTOR2_IN2
PF5.GPIOParameters=GPIO_Speed,PinState,GPIO_PuPd,GPIO_Label,GPIO_ModeDefaultOutputPP
VP_TIM3_VS_ClockSourceINT.Signal=TIM3_VS_ClockSourceINT
TIM4.Prescaler=71
PE11.Signal=S_TIM1_CH2
PE9.GPIO_Label=SONIC_PWM1
PA7.GPIO_PuPd=GPIO_PULLDOWN
SH.S_TIM1_CH2.ConfNb=1
PB10.Signal=USART3_TX
PF3.GPIOParameters=GPIO_Speed,PinState,GPIO_PuPd,GPIO_Label,GPIO_ModeDefaultOutputPP
SH.S_TIM4_CH3.ConfNb=1
SH.S_TIM3_CH2.0=TIM3_CH2,Input_Capture2_from_TI2
PE13.GPIOParameters=GPIO_Label
board=custom
PF4.PinState=GPIO_PIN_SET
PG1.GPIO_Label=BT_KEY
ProjectManager.LastFirmware=true
NVIC.TIM3_IRQn=true\:0\:0\:false\:false\:true\:true\:true
PF2.GPIOParameters=GPIO_Speed,PinState,GPIO_PuPd,GPIO_Label,GPIO_ModeDefaultOutputPP
RCC.VCOOutput2Freq_Value=8000000
TIM4.Channel-PWM\ Generation2\ CH2=TIM_CHANNEL_2
RCC.APB2Freq_Value=72000000
PE14.Signal=S_TIM1_CH4
MxCube.Version=5.6.0
PF4.GPIO_Speed=GPIO_SPEED_FREQ_MEDIUM
SH.S_TIM1_CH2.0=TIM1_CH2,PWM Generation2 CH2
Mcu.Pin35=VP_TIM4_VS_ClockSourceINT
PF4.GPIO_Label=MOTOR4_IN1
Mcu.Pin30=PA13
VP_SYS_VS_Systick.Mode=SysTick
Mcu.Pin33=VP_TIM1_VS_ClockSourceINT
TIM3.IPParameters=Prescaler,Period,Channel-Input_Capture1_from_TI1,Channel-Input_Capture2_from_TI2,Channel-Input_Capture3_from_TI3,Channel-Input_Capture4_from_TI4
Mcu.Pin34=VP_TIM3_VS_ClockSourceINT
Mcu.Pin31=PA14
Mcu.Pin32=VP_SYS_VS_Systick
NVIC.NonMaskableInt_IRQn=true\:0\:0\:false\:false\:true\:false\:false
PD14.GPIO_Label=MOTOR3_PWM
TIM3.Channel-Input_Capture4_from_TI4=TIM_CHANNEL_4
PA13.Mode=Serial_Wire
ProjectManager.FreePins=false
RCC.IPParameters=ADCFreqValue,AHBFreq_Value,APB1CLKDivider,APB1Freq_Value,APB1TimFreq_Value,APB2Freq_Value,APB2TimFreq_Value,FCLKCortexFreq_Value,FSMCFreq_Value,FamilyName,HCLKFreq_Value,I2S2Freq_Value,I2S3Freq_Value,MCOFreq_Value,PLLCLKFreq_Value,PLLMCOFreq_Value,PLLMUL,PLLSourceVirtual,SDIOFreq_Value,SDIOHCLKDiv2FreqValue,SYSCLKFreq_VALUE,SYSCLKSource,TimSysFreq_Value,USBFreq_Value,VCOOutput2Freq_Value
ProjectManager.AskForMigrate=true
Mcu.Name=STM32F103Z(C-D-E)Tx
PF9.GPIOParameters=GPIO_Speed,PinState,GPIO_PuPd,GPIO_Label,GPIO_ModeDefaultOutputPP
PF3.PinState=GPIO_PIN_SET
PG1.GPIO_Speed=GPIO_SPEED_FREQ_HIGH
Mcu.Pin26=PD14
Mcu.Pin27=PD15
PA2.Signal=USART2_TX
Mcu.Pin24=PD12
ProjectManager.UnderRoot=true
Mcu.Pin25=PD13
Mcu.IP8=USART3
PF7.GPIO_PuPd=GPIO_PULLUP
PD14.Signal=S_TIM4_CH3
Mcu.Pin28=PA9
Mcu.IP6=USART1
Mcu.Pin29=PA10
RCC.FSMCFreq_Value=72000000
Mcu.IP7=USART2
ProjectManager.CoupleFile=false
PD14.GPIOParameters=GPIO_Label
RCC.SYSCLKFreq_VALUE=72000000
Mcu.Pin22=PB10
Mcu.Pin23=PB11
RCC.TimSysFreq_Value=72000000
PA7.GPIO_Label=SONIC_2
Mcu.Pin20=PE13
PE13.GPIO_Label=SONIC_PWM3
Mcu.Pin21=PE14
NVIC.ForceEnableDMAVector=true
KeepUserPlacement=false
PF5.GPIO_ModeDefaultOutputPP=GPIO_MODE_OUTPUT_PP
OSC_IN.Mode=HSE-External-Oscillator
USART3.VirtualMode=VM_ASYNC
NVIC.MemoryManagement_IRQn=true\:0\:0\:false\:false\:true\:false\:false
USART1.VirtualMode=VM_ASYNC
ProjectManager.CompilerOptimize=6
PF7.GPIO_ModeDefaultOutputPP=GPIO_MODE_OUTPUT_PP
PA14.Signal=SYS_JTCK-SWCLK
ProjectManager.HeapSize=0x200
Mcu.Pin15=PB1
NVIC.HardFault_IRQn=true\:0\:0\:false\:false\:true\:false\:false
Mcu.Pin16=PG0
PF6.GPIOParameters=GPIO_Speed,PinState,GPIO_PuPd,GPIO_Label,GPIO_ModeDefaultOutputPP
Mcu.Pin13=PA7
PF8.Locked=true
Mcu.Pin14=PB0
SH.S_TIM1_CH3.0=TIM1_CH3,PWM Generation3 CH3
Mcu.Pin19=PE11
SH.S_TIM3_CH1.ConfNb=1
ProjectManager.ComputerToolchain=false
PF9.Signal=GPIO_Output
Mcu.Pin17=PG1
Mcu.Pin18=PE9
VP_TIM4_VS_ClockSourceINT.Mode=Internal
PF9.GPIO_ModeDefaultOutputPP=GPIO_MODE_OUTPUT_PP
SH.S_TIM3_CH4.ConfNb=1
NVIC.PriorityGroup=NVIC_PRIORITYGROUP_2
Mcu.Pin11=PA3
Mcu.Pin12=PA6
PG0.GPIOParameters=GPIO_PuPd,GPIO_Label
Mcu.Pin10=PA2
PF8.GPIO_Speed=GPIO_SPEED_FREQ_MEDIUM
PF6.GPIO_PuPd=GPIO_PULLUP
PA2.Mode=Asynchronous
PF3.Locked=true
PF4.Signal=GPIO_Output
TIM1.Channel-PWM\ Generation3\ CH3=TIM_CHANNEL_3
RCC.APB1Freq_Value=36000000
PB0.Signal=S_TIM3_CH3
SH.S_TIM1_CH4.ConfNb=1
PA7.GPIOParameters=GPIO_PuPd,GPIO_Label
PB11.Locked=true
ProjectManager.DeviceId=STM32F103ZETx
ProjectManager.LibraryCopy=1
PB0.GPIO_PuPd=GPIO_PULLDOWN
SH.S_TIM3_CH4.0=TIM3_CH4,Input_Capture4_from_TI4
PF6.GPIO_Speed=GPIO_SPEED_FREQ_MEDIUM
PB1.GPIOParameters=GPIO_PuPd,GPIO_Label
PA7.Signal=S_TIM3_CH2
PF2.GPIO_Label=MOTOR3_IN1
